
Microsoft Visual Studio Solution File, Format Version 12.00
# Visual Studio Version 17
VisualStudioVersion = 17.12.35707.178 d17.12
MinimumVisualStudioVersion = 10.0.40219.1
Project("{FAE04EC0-301F-11D3-BF4B-00C04F79EFBC}") = "GitGit", "GitGit\GitGit.csproj", "{DA0EDEA4-C235-4BBA-B5E1-0EC85DE9AC65}"
EndProject
Global
	GlobalSection(SolutionConfigurationPlatforms) = preSolution
		Debug|Any CPU = Debug|Any CPU
		Release|Any CPU = Release|Any CPU
	EndGlobalSection
	GlobalSection(ProjectConfigurationPlatforms) = postSolution
		{DA0EDEA4-C235-4BBA-B5E1-0EC85DE9AC65}.Debug|Any CPU.ActiveCfg = Debug|Any CPU
		{DA0EDEA4-C235-4BBA-B5E1-0EC85DE9AC65}.Debug|Any CPU.Build.0 = Debug|Any CPU
		{DA0EDEA4-C235-4BBA-B5E1-0EC85DE9AC65}.Release|Any CPU.ActiveCfg = Release|Any CPU
		{DA0EDEA4-C235-4BBA-B5E1-0EC85DE9AC65}.Release|Any CPU.Build.0 = Release|Any CPU
	EndGlobalSection
	GlobalSection(SolutionProperties) = preSolution
		HideSolutionNode = FALSE
	EndGlobalSection
EndGlobal
